// !$*UTF8*$!
{
	archiveVersion = 1;
	classes = {
	};
	objectVersion = 46;
	objects = {

/* Begin PBXBuildFile section */
		CA1631AB1F3D50B0009B9895 /* main.m in Sources */ = {isa = PBXBuildFile; fileRef = CA1631AA1F3D50B0009B9895 /* main.m */; };
		CA1631AE1F3D50B0009B9895 /* AppDelegate.m in Sources */ = {isa = PBXBuildFile; fileRef = CA1631AD1F3D50B0009B9895 /* AppDelegate.m */; };
		CA1631B11F3D50B0009B9895 /* ViewController.m in Sources */ = {isa = PBXBuildFile; fileRef = CA1631B01F3D50B0009B9895 /* ViewController.m */; };
		CA1631B41F3D50B0009B9895 /* Main.storyboard in Resources */ = {isa = PBXBuildFile; fileRef = CA1631B21F3D50B0009B9895 /* Main.storyboard */; };
		CA1631B61F3D50B0009B9895 /* Assets.xcassets in Resources */ = {isa = PBXBuildFile; fileRef = CA1631B51F3D50B0009B9895 /* Assets.xcassets */; };
		CA1631B91F3D50B0009B9895 /* LaunchScreen.storyboard in Resources */ = {isa = PBXBuildFile; fileRef = CA1631B71F3D50B0009B9895 /* LaunchScreen.storyboard */; };
/* End PBXBuildFile section */

/* Begin PBXFileReference section */
		CA1631A61F3D50B0009B9895 /* KGAlertController.app */ = {isa = PBXFileReference; explicitFileType = wrapper.application; includeInIndex = 0; path = KGAlertController.app; sourceTree = BUILT_PRODUCTS_DIR; };
		CA1631AA1F3D50B0009B9895 /* main.m */ = {isa = PBXFileReference; lastKnownFileType = sourcecode.c.objc; path = main.m; sourceTree = "<group>"; };
		CA1631AC1F3D50B0009B9895 /* AppDelegate.h */ = {isa = PBXFileReference; lastKnownFileType = sourcecode.c.h; path = AppDelegate.h; sourceTree = "<group>"; };
		CA1631AD1F3D50B0009B9895 /* AppDelegate.m */ = {isa = PBXFileReference; lastKnownFileType = sourcecode.c.objc; path = AppDelegate.m; sourceTree = "<group>"; };
		CA1631AF1F3D50B0009B9895 /* ViewController.h */ = {isa = PBXFileReference; lastKnownFileType = sourcecode.c.h; path = ViewController.h; sourceTree = "<group>"; };
		CA1631B01F3D50B0009B9895 /* ViewController.m */ = {isa = PBXFileReference; lastKnownFileType = sourcecode.c.objc; path = ViewController.m; sourceTree = "<group>"; };
		CA1631B31F3D50B0009B9895 /* Base */ = {isa = PBXFileReference; lastKnownFileType = file.storyboard; name = Base; path = Base.lproj/Main.storyboard; sourceTree = "<group>"; };
		CA1631B51F3D50B0009B9895 /* Assets.xcassets */ = {isa = PBXFileReference; lastKnownFileType = folder.assetcatalog; path = Assets.xcassets; sourceTree = "<group>"; };
		CA1631B81F3D50B0009B9895 /* Base */ = {isa = PBXFileReference; lastKnownFileType = file.storyboard; name = Base; path = Base.lproj/LaunchScreen.storyboard; sourceTree = "<group>"; };
		CA1631BA1F3D50B0009B9895 /* Info.plist */ = {isa = PBXFileReference; lastKnownFileType = text.plist.xml; path = Info.plist; sourceTree = "<group>"; };
/* End PBXFileReference section */

/* Begin PBXFrameworksBuildPhase section */
		CA1631A31F3D50B0009B9895 /* Frameworks */ = {
			isa = PBXFrameworksBuildPhase;
			buildActionMask = 2147483647;
			files = (
			);
			runOnlyForDeploymentPostprocessing = 0;
		};
/* End PBXFrameworksBuildPhase section */

/* Begin PBXGroup section */
		CA16319D1F3D50B0009B9895 = {
			isa = PBXGroup;
			children = (
				CA1631A81F3D50B0009B9895 /* KGAlertController */,
				CA1631A71F3D50B0009B9895 /* Products */,
			);
			sourceTree = "<group>";
		};
		CA1631A71F3D50B0009B9895 /* Products */ = {
			isa = PBXGroup;
			children = (
				CA1631A61F3D50B0009B9895 /* KGAlertController.app */,
			);
			name = Products;
			sourceTree = "<group>";
		};
		CA1631A81F3D50B0009B9895 /* KGAlertController */ = {
			isa = PBXGroup;
			children = (
				CA1631AC1F3D50B0009B9895 /* AppDelegate.h */,
				CA1631AD1F3D50B0009B9895 /* AppDelegate.m */,
				CA1631AF1F3D50B0009B9895 /* ViewController.h */,
				CA1631B01F3D50B0009B9895 /* ViewController.m */,
				CA1631B21F3D50B0009B9895 /* Main.storyboard */,
				CA1631B51F3D50B0009B9895 /* Assets.xcassets */,
				CA1631B71F3D50B0009B9895 /* LaunchScreen.storyboard */,
				CA1631BA1F3D50B0009B9895 /* Info.plist */,
				CA1631A91F3D50B0009B9895 /* Supporting Files */,
			);
			path = KGAlertController;
			sourceTree = "<group>";
		};
		CA1631A91F3D50B0009B9895 /* Supporting Files */ = {
			isa = PBXGroup;
			children = (
				CA1631AA1F3D50B0009B9895 /* main.m */,
			);
			name = "Supporting Files";
			sourceTree = "<group>";
		};
/* End PBXGroup section */

/* Begin PBXNativeTarget section */
		CA1631A51F3D50B0009B9895 /* KGAlertController */ = {
			isa = PBXNativeTarget;
			buildConfigurationList = CA1631BD1F3D50B0009B9895 /* Build configuration list for PBXNativeTarget "KGAlertController" */;
			buildPhases = (
				CA1631A21F3D50B0009B9895 /* Sources */,
				CA1631A31F3D50B0009B9895 /* Frameworks */,
				CA1631A41F3D50B0009B9895 /* Resources */,
			);
			buildRules = (
			);
			dependencies = (
			);
			name = KGAlertController;
			productName = KGAlertController;
			productReference = CA1631A61F3D50B0009B9895 /* KGAlertController.app */;
			productType = "com.apple.product-type.application";
		};
/* End PBXNativeTarget section */

/* Begin PBXProject section */
		CA16319E1F3D50B0009B9895 /* Project object */ = {
			isa = PBXProject;
			attributes = {
				LastUpgradeCheck = 0830;
				ORGANIZATIONNAME = "GOGO VAN";
				TargetAttributes = {
					CA1631A51F3D50B0009B9895 = {
						CreatedOnToolsVersion = 8.3.3;
						ProvisioningStyle = Automatic;
					};
				};
			};
			buildConfigurationList = CA1631A11F3D50B0009B9895 /* Build configuration list for PBXProject "KGAlertController" */;
			compatibilityVersion = "Xcode 3.2";
			developmentRegion = English;
			hasScannedForEncodings = 0;
			knownRegions = (
				en,
				Base,
			);
			mainGroup = CA16319D1F3D50B0009B9895;
			productRefGroup = CA1631A71F3D50B0009B9895 /* Products */;
			projectDirPath = "";
			projectRoot = "";
			targets = (
				CA1631A51F3D50B0009B9895 /* KGAlertController */,
			);
		};
/* End PBXProject section */

/* Begin PBXResourcesBuildPhase section */
		CA1631A41F3D50B0009B9895 /* Resources */ = {
			isa = PBXResourcesBuildPhase;
			buildActionMask = 2147483647;
			files = (
				CA1631B91F3D50B0009B9895 /* LaunchScreen.storyboard in Resources */,
				CA1631B61F3D50B0009B9895 /* Assets.xcassets in Resources */,
				CA1631B41F3D50B0009B9895 /* Main.storyboard in Resources */,
			);
			runOnlyForDeploymentPostprocessing = 0;
		};
/* End PBXResourcesBuildPhase section */

/* Begin PBXSourcesBuildPhase section */
		CA1631A21F3D50B0009B9895 /* Sources */ = {
			isa = PBXSourcesBuildPhase;
			buildActionMask = 2147483647;
			files = (
				CA1631B11F3D50B0009B9895 /* ViewController.m in Sources */,
				CA1631AE1F3D50B0009B9895 /* AppDelegate.m in Sources */,
				CA1631AB1F3D50B0009B9895 /* main.m in Sources */,
			);
			runOnlyForDeploymentPostprocessing = 0;
		};
/* End PBXSourcesBuildPhase section */

/* Begin PBXVariantGroup section */
		CA1631B21F3D50B0009B9895 /* Main.storyboard */ = {
			isa = PBXVariantGroup;
			children = (
				CA1631B31F3D50B0009B9895 /* Base */,
			);
			name = Main.storyboard;
			sourceTree = "<group>";
		};
		CA1631B71F3D50B0009B9895 /* LaunchScreen.storyboard */ = {
			isa = PBXVariantGroup;
			children = (
				CA1631B81F3D50B0009B9895 /* Base */,
			);
			name = LaunchScreen.storyboard;
			sourceTree = "<group>";
		};
/* End PBXVariantGroup section */

/* Begin XCBuildConfiguration section */
		CA1631BB1F3D50B0009B9895 /* Debug */ = {
			isa = XCBuildConfiguration;
			buildSettings = {
				ALWAYS_SEARCH_USER_PATHS = NO;
				CLANG_ANALYZER_NONNULL = YES;
				CLANG_ANALYZER_NUMBER_OBJECT_CONVERSION = YES_AGGRESSIVE;
				CLANG_CXX_LANGUAGE_STANDARD = "gnu++0x";
				CLANG_CXX_LIBRARY = "libc++";
				CLANG_ENABLE_MODULES = YES;
				CLANG_ENABLE_OBJC_ARC = YES;
				CLANG_WARN_BOOL_CONVERSION = YES;
				CLANG_WARN_CONSTANT_CONVERSION = YES;
				CLANG_WARN_DIRECT_OBJC_ISA_USAGE = YES_ERROR;
				CLANG_WARN_DOCUMENTATION_COMMENTS = YES;
				CLANG_WARN_EMPTY_BODY = YES;
				CLANG_WARN_ENUM_CONVERSION = YES;
				CLANG_WARN_INFINITE_RECURSION = YES;
				CLANG_WARN_INT_CONVERSION = YES;
				CLANG_WARN_OBJC_ROOT_CLASS = YES_ERROR;
				CLANG_WARN_SUSPICIOUS_MOVE = YES;
				CLANG_WARN_UNREACHABLE_CODE = YES;
				CLANG_WARN__DUPLICATE_METHOD_MATCH = YES;
				"CODE_SIGN_IDENTITY[sdk=iphoneos*]" = "iPhone Developer";
				COPY_PHASE_STRIP = NO;
				DEBUG_INFORMATION_FORMAT = dwarf;
				ENABLE_STRICT_OBJC_MSGSEND = YES;
				ENABLE_TESTABILITY = YES;
				GCC_C_LANGUAGE_STANDARD = gnu99;
				GCC_DYNAMIC_NO_PIC = NO;
				GCC_NO_COMMON_BLOCKS = YES;
				GCC_OPTIMIZATION_LEVEL = 0;
				GCC_PREPROCESSOR_DEFINITIONS = (
					"DEBUG=1",
					"$(inherited)",
				);
				GCC_WARN_64_TO_32_BIT_CONVERSION = YES;
				GCC_WARN_ABOUT_RETURN_TYPE = YES_ERROR;
				GCC_WARN_UNDECLARED_SELECTOR = YES;
				GCC_WARN_UNINITIALIZED_AUTOS = YES_AGGRESSIVE;
				GCC_WARN_UNUSED_FUNCTION = YES;
				GCC_WARN_UNUSED_VARIABLE = YES;
				IPHONEOS_DEPLOYMENT_TARGET = 10.3;
				MTL_ENABLE_DEBUG_INFO = YES;
				ONLY_ACTIVE_ARCH = YES;
				SDKROOT = iphoneos;
			};
			name = Debug;
		};
		CA1631BC1F3D50B0009B9895 /* Release */ = {
			isa = XCBuildConfiguration;
			buildSettings = {
				ALWAYS_SEARCH_USER_PATHS = NO;
				CLANG_ANALYZER_NONNULL = YES;
				CLANG_ANALYZER_NUMBER_OBJECT_CONVERSION = YES_AGGRESSIVE;
				CLANG_CXX_LANGUAGE_STANDARD = "gnu++0x";
				CLANG_CXX_LIBRARY = "libc++";
				CLANG_ENABLE_MODULES = YES;
				CLANG_ENABLE_OBJC_ARC = YES;
				CLANG_WARN_BOOL_CONVERSION = YES;
				CLANG_WARN_CONSTANT_CONVERSION = YES;
				CLANG_WARN_DIRECT_OBJC_ISA_USAGE = YES_ERROR;
				CLANG_WARN_DOCUMENTATION_COMMENTS = YES;
				CLANG_WARN_EMPTY_BODY = YES;
				CLANG_WARN_ENUM_CONVERSION = YES;
				CLANG_WARN_INFINITE_RECURSION = YES;
				CLANG_WARN_INT_CONVERSION = YES;
				CLANG_WARN_OBJC_ROOT_CLASS = YES_ERROR;
				CLANG_WARN_SUSPICIOUS_MOVE = YES;
				CLANG_WARN_UNREACHABLE_CODE = YES;
				CLANG_WARN__DUPLICATE_METHOD_MATCH = YES;
				"CODE_SIGN_IDENTITY[sdk=iphoneos*]" = "iPhone Developer";
				COPY_PHASE_STRIP = NO;
				DEBUG_INFORMATION_FORMAT = "dwarf-with-dsym";
				ENABLE_NS_ASSERTIONS = NO;
				ENABLE_STRICT_OBJC_MSGSEND = YES;
				GCC_C_LANGUAGE_STANDARD = gnu99;
				GCC_NO_COMMON_BLOCKS = YES;
				GCC_WARN_64_TO_32_BIT_CONVERSION = YES;
				GCC_WARN_ABOUT_RETURN_TYPE = YES_ERROR;
				GCC_WARN_UNDECLARED_SELECTOR = YES;
				GCC_WARN_UNINITIALIZED_AUTOS = YES_AGGRESSIVE;
				GCC_WARN_UNUSED_FUNCTION = YES;
				GCC_WARN_UNUSED_VARIABLE = YES;
				IPHONEOS_DEPLOYMENT_TARGET = 10.3;
				MTL_ENABLE_DEBUG_INFO = NO;
				SDKROOT = iphoneos;
				VALIDATE_PRODUCT = YES;
			};
			name = Release;
		};
		CA1631BE1F3D50B0009B9895 /* Debug */ = {
			isa = XCBuildConfiguration;
			buildSettings = {
				ASSETCATALOG_COMPILER_APPICON_NAME = AppIcon;
				INFOPLIST_FILE = KGAlertController/Info.plist;
				LD_RUNPATH_SEARCH_PATHS = "$(inherited) @executable_path/Frameworks";
				PRODUCT_BUNDLE_IDENTIFIER = co.kuaigou.KGAlertController;
				PRODUCT_NAME = "$(TARGET_NAME)";
			};
			name = Debug;
		};
		CA1631BF1F3D50B0009B9895 /* Release */ = {
			isa = XCBuildConfiguration;
			buildSettings = {
				ASSETCATALOG_COMPILER_APPICON_NAME = AppIcon;
				INFOPLIST_FILE = KGAlertController/Info.plist;
				LD_RUNPATH_SEARCH_PATHS = "$(inherited) @executable_path/Frameworks";
				PRODUCT_BUNDLE_IDENTIFIER = co.kuaigou.KGAlertController;
				PRODUCT_NAME = "$(TARGET_NAME)";
			};
			name = Release;
		};
/* End XCBuildConfiguration section */

/* Begin XCConfigurationList section */
		CA1631A11F3D50B0009B9895 /* Build configuration list for PBXProject "KGAlertController" */ = {
			isa = XCConfigurationList;
			buildConfigurations = (
				CA1631BB1F3D50B0009B9895 /* Debug */,
				CA1631BC1F3D50B0009B9895 /* Release */,
			);
			defaultConfigurationIsVisible = 0;
			defaultConfigurationName = Release;
		};
		CA1631BD1F3D50B0009B9895 /* Build configuration list for PBXNativeTarget "KGAlertController" */ = {
			isa = XCConfigurationList;
			buildConfigurations = (
				CA1631BE1F3D50B0009B9895 /* Debug */,
				CA1631BF1F3D50B0009B9895 /* Release */,
			);
			defaultConfigurationIsVisible = 0;
		};
/* End XCConfigurationList section */
	};
	rootObject = CA16319E1F3D50B0009B9895 /* Project object */;
}
